// !$*UTF8*$!
{
	archiveVersion = 1;
	classes = {
	};
	objectVersion = 55;
	objects = {

/* Begin PBXBuildFile section */
		7C1749FD279E41C400262BE6 /* LandmarksApp.swift in Sources */ = {isa = PBXBuildFile; fileRef = 7C1749FC279E41C400262BE6 /* LandmarksApp.swift */; };
		7C1749FF279E41C400262BE6 /* ContentView.swift in Sources */ = {isa = PBXBuildFile; fileRef = 7C1749FE279E41C400262BE6 /* ContentView.swift */; };
		7C174A01279E41C500262BE6 /* Assets.xcassets in Resources */ = {isa = PBXBuildFile; fileRef = 7C174A00279E41C500262BE6 /* Assets.xcassets */; };
		7C174A04279E41C500262BE6 /* Preview Assets.xcassets in Resources */ = {isa = PBXBuildFile; fileRef = 7C174A03279E41C500262BE6 /* Preview Assets.xcassets */; };
		7C174A0B279E44EA00262BE6 /* CircleImage.swift in Sources */ = {isa = PBXBuildFile; fileRef = 7C174A0A279E44EA00262BE6 /* CircleImage.swift */; };
		7C174A0D279E456E00262BE6 /* MapView.swift in Sources */ = {isa = PBXBuildFile; fileRef = 7C174A0C279E456E00262BE6 /* MapView.swift */; };
		7CB73DB8285122FA0088AE48 /* HexagonParameters.swift in Sources */ = {isa = PBXBuildFile; fileRef = 7CB73DB7285122FA0088AE48 /* HexagonParameters.swift */; };
		7CB73DBA285124230088AE48 /* BadgeBackground.swift in Sources */ = {isa = PBXBuildFile; fileRef = 7CB73DB9285124230088AE48 /* BadgeBackground.swift */; };
		7CDE37B327A38F5600F10488 /* FavoriteButton.swift in Sources */ = {isa = PBXBuildFile; fileRef = 7CDE37B227A38F5600F10488 /* FavoriteButton.swift */; };
		7CE84A2C2869646800E20E1F /* BadgeSymbol.swift in Sources */ = {isa = PBXBuildFile; fileRef = 7CE84A2B2869646800E20E1F /* BadgeSymbol.swift */; };
		7CE84A2E2869652400E20E1F /* RotatedBadgeSymbol.swift in Sources */ = {isa = PBXBuildFile; fileRef = 7CE84A2D2869652400E20E1F /* RotatedBadgeSymbol.swift */; };
		7CE84A312869658B00E20E1F /* Badge.swift in Sources */ = {isa = PBXBuildFile; fileRef = 7CE84A302869658B00E20E1F /* Badge.swift */; };
		7CF7F7FF27A3774C006AD8B9 /* landmarkData.json in Resources */ = {isa = PBXBuildFile; fileRef = 7CF7F7FE27A3774C006AD8B9 /* landmarkData.json */; };
		7CF7F80127A37760006AD8B9 /* Landmark.swift in Sources */ = {isa = PBXBuildFile; fileRef = 7CF7F80027A37760006AD8B9 /* Landmark.swift */; };
		7CF7F80327A37961006AD8B9 /* ModelData.swift in Sources */ = {isa = PBXBuildFile; fileRef = 7CF7F80227A37961006AD8B9 /* ModelData.swift */; };
		7CF7F80827A37DC9006AD8B9 /* LandmarkRow.swift in Sources */ = {isa = PBXBuildFile; fileRef = 7CF7F80727A37DC9006AD8B9 /* LandmarkRow.swift */; };
		7CF7F80A27A3823C006AD8B9 /* LandmarkList.swift in Sources */ = {isa = PBXBuildFile; fileRef = 7CF7F80927A3823C006AD8B9 /* LandmarkList.swift */; };
		7CF7F80C27A3836F006AD8B9 /* LandmarkDetail.swift in Sources */ = {isa = PBXBuildFile; fileRef = 7CF7F80B27A3836F006AD8B9 /* LandmarkDetail.swift */; };
/* End PBXBuildFile section */

/* Begin PBXFileReference section */
		7C1749F9279E41C400262BE6 /* Landmarks.app */ = {isa = PBXFileReference; explicitFileType = wrapper.application; includeInIndex = 0; path = Landmarks.app; sourceTree = BUILT_PRODUCTS_DIR; };
		7C1749FC279E41C400262BE6 /* LandmarksApp.swift */ = {isa = PBXFileReference; lastKnownFileType = sourcecode.swift; path = LandmarksApp.swift; sourceTree = "<group>"; };
		7C1749FE279E41C400262BE6 /* ContentView.swift */ = {isa = PBXFileReference; lastKnownFileType = sourcecode.swift; path = ContentView.swift; sourceTree = "<group>"; };
		7C174A00279E41C500262BE6 /* Assets.xcassets */ = {isa = PBXFileReference; lastKnownFileType = folder.assetcatalog; path = Assets.xcassets; sourceTree = "<group>"; };
		7C174A03279E41C500262BE6 /* Preview Assets.xcassets */ = {isa = PBXFileReference; lastKnownFileType = folder.assetcatalog; path = "Preview Assets.xcassets"; sourceTree = "<group>"; };
		7C174A0A279E44EA00262BE6 /* CircleImage.swift */ = {isa = PBXFileReference; lastKnownFileType = sourcecode.swift; path = CircleImage.swift; sourceTree = "<group>"; };
		7C174A0C279E456E00262BE6 /* MapView.swift */ = {isa = PBXFileReference; lastKnownFileType = sourcecode.swift; path = MapView.swift; sourceTree = "<group>"; };
		7CB73DB7285122FA0088AE48 /* HexagonParameters.swift */ = {isa = PBXFileReference; lastKnownFileType = sourcecode.swift; path = HexagonParameters.swift; sourceTree = "<group>"; };
		7CB73DB9285124230088AE48 /* BadgeBackground.swift */ = {isa = PBXFileReference; lastKnownFileType = sourcecode.swift; path = BadgeBackground.swift; sourceTree = "<group>"; };
		7CDE37B227A38F5600F10488 /* FavoriteButton.swift */ = {isa = PBXFileReference; lastKnownFileType = sourcecode.swift; path = FavoriteButton.swift; sourceTree = "<group>"; };
		7CE84A2B2869646800E20E1F /* BadgeSymbol.swift */ = {isa = PBXFileReference; lastKnownFileType = sourcecode.swift; path = BadgeSymbol.swift; sourceTree = "<group>"; };
		7CE84A2D2869652400E20E1F /* RotatedBadgeSymbol.swift */ = {isa = PBXFileReference; lastKnownFileType = sourcecode.swift; path = RotatedBadgeSymbol.swift; sourceTree = "<group>"; };
		7CE84A302869658B00E20E1F /* Badge.swift */ = {isa = PBXFileReference; lastKnownFileType = sourcecode.swift; path = Badge.swift; sourceTree = "<group>"; };
		7CF7F7FE27A3774C006AD8B9 /* landmarkData.json */ = {isa = PBXFileReference; fileEncoding = 4; lastKnownFileType = text.json; path = landmarkData.json; sourceTree = "<group>"; };
		7CF7F80027A37760006AD8B9 /* Landmark.swift */ = {isa = PBXFileReference; lastKnownFileType = sourcecode.swift; path = Landmark.swift; sourceTree = "<group>"; };
		7CF7F80227A37961006AD8B9 /* ModelData.swift */ = {isa = PBXFileReference; lastKnownFileType = sourcecode.swift; path = ModelData.swift; sourceTree = "<group>"; };
		7CF7F80727A37DC9006AD8B9 /* LandmarkRow.swift */ = {isa = PBXFileReference; lastKnownFileType = sourcecode.swift; path = LandmarkRow.swift; sourceTree = "<group>"; };
		7CF7F80927A3823C006AD8B9 /* LandmarkList.swift */ = {isa = PBXFileReference; lastKnownFileType = sourcecode.swift; path = LandmarkList.swift; sourceTree = "<group>"; };
		7CF7F80B27A3836F006AD8B9 /* LandmarkDetail.swift */ = {isa = PBXFileReference; lastKnownFileType = sourcecode.swift; path = LandmarkDetail.swift; sourceTree = "<group>"; };
/* End PBXFileReference section */

/* Begin PBXFrameworksBuildPhase section */
		7C1749F6279E41C400262BE6 /* Frameworks */ = {
			isa = PBXFrameworksBuildPhase;
			buildActionMask = 2147483647;
			files = (
			);
			runOnlyForDeploymentPostprocessing = 0;
		};
/* End PBXFrameworksBuildPhase section */

/* Begin PBXGroup section */
		7C1749F0279E41C400262BE6 = {
			isa = PBXGroup;
			children = (
				7C1749FB279E41C400262BE6 /* Landmarks */,
				7C1749FA279E41C400262BE6 /* Products */,
			);
			sourceTree = "<group>";
		};
		7C1749FA279E41C400262BE6 /* Products */ = {
			isa = PBXGroup;
			children = (
				7C1749F9279E41C400262BE6 /* Landmarks.app */,
			);
			name = Products;
			sourceTree = "<group>";
		};
		7C1749FB279E41C400262BE6 /* Landmarks */ = {
			isa = PBXGroup;
			children = (
				7CF7F80627A37D2E006AD8B9 /* Resources */,
				7CF7F80527A37D1E006AD8B9 /* Models */,
				7CF7F80427A37D02006AD8B9 /* Views */,
				7C1749FC279E41C400262BE6 /* LandmarksApp.swift */,
				7C174A00279E41C500262BE6 /* Assets.xcassets */,
				7C174A02279E41C500262BE6 /* Preview Content */,
			);
			path = Landmarks;
			sourceTree = "<group>";
		};
		7C174A02279E41C500262BE6 /* Preview Content */ = {
			isa = PBXGroup;
			children = (
				7C174A03279E41C500262BE6 /* Preview Assets.xcassets */,
			);
			path = "Preview Content";
			sourceTree = "<group>";
		};
		7CB73DB528511E130088AE48 /* Landmarks */ = {
			isa = PBXGroup;
			children = (
				7CF7F80727A37DC9006AD8B9 /* LandmarkRow.swift */,
				7CF7F80927A3823C006AD8B9 /* LandmarkList.swift */,
				7CF7F80B27A3836F006AD8B9 /* LandmarkDetail.swift */,
			);
			path = Landmarks;
			sourceTree = "<group>";
		};
		7CB73DB628511E240088AE48 /* Helpers */ = {
			isa = PBXGroup;
			children = (
				7C174A0A279E44EA00262BE6 /* CircleImage.swift */,
				7C174A0C279E456E00262BE6 /* MapView.swift */,
				7CDE37B227A38F5600F10488 /* FavoriteButton.swift */,
			);
			path = Helpers;
			sourceTree = "<group>";
		};
		7CE84A2F2869652800E20E1F /* Drawings */ = {
			isa = PBXGroup;
			children = (
				7CB73DB7285122FA0088AE48 /* HexagonParameters.swift */,
				7CB73DB9285124230088AE48 /* BadgeBackground.swift */,
				7CE84A2B2869646800E20E1F /* BadgeSymbol.swift */,
				7CE84A2D2869652400E20E1F /* RotatedBadgeSymbol.swift */,
				7CE84A302869658B00E20E1F /* Badge.swift */,
			);
			path = Drawings;
			sourceTree = "<group>";
		};
		7CF7F80427A37D02006AD8B9 /* Views */ = {
			isa = PBXGroup;
			children = (
				7CE84A2F2869652800E20E1F /* Drawings */,
				7CB73DB628511E240088AE48 /* Helpers */,
				7CB73DB528511E130088AE48 /* Landmarks */,
				7C1749FE279E41C400262BE6 /* ContentView.swift */,
			);
			path = Views;
			sourceTree = "<group>";
		};
		7CF7F80527A37D1E006AD8B9 /* Models */ = {
			isa = PBXGroup;
			children = (
				7CF7F80027A37760006AD8B9 /* Landmark.swift */,
				7CF7F80227A37961006AD8B9 /* ModelData.swift */,
			);
			path = Models;
			sourceTree = "<group>";
		};
		7CF7F80627A37D2E006AD8B9 /* Resources */ = {
			isa = PBXGroup;
			children = (
				7CF7F7FE27A3774C006AD8B9 /* landmarkData.json */,
			);
			path = Resources;
			sourceTree = "<group>";
		};
/* End PBXGroup section */

/* Begin PBXNativeTarget section */
		7C1749F8279E41C400262BE6 /* Landmarks */ = {
			isa = PBXNativeTarget;
			buildConfigurationList = 7C174A07279E41C500262BE6 /* Build configuration list for PBXNativeTarget "Landmarks" */;
			buildPhases = (
				7C1749F5279E41C400262BE6 /* Sources */,
				7C1749F6279E41C400262BE6 /* Frameworks */,
				7C1749F7279E41C400262BE6 /* Resources */,
			);
			buildRules = (
			);
			dependencies = (
			);
			name = Landmarks;
			productName = Landmarks;
			productReference = 7C1749F9279E41C400262BE6 /* Landmarks.app */;
			productType = "com.apple.product-type.application";
		};
/* End PBXNativeTarget section */

/* Begin PBXProject section */
		7C1749F1279E41C400262BE6 /* Project object */ = {
			isa = PBXProject;
			attributes = {
				BuildIndependentTargetsInParallel = 1;
				LastSwiftUpdateCheck = 1320;
				LastUpgradeCheck = 1320;
				TargetAttributes = {
					7C1749F8279E41C400262BE6 = {
						CreatedOnToolsVersion = 13.2.1;
					};
				};
			};
			buildConfigurationList = 7C1749F4279E41C400262BE6 /* Build configuration list for PBXProject "Landmarks" */;
			compatibilityVersion = "Xcode 13.0";
			developmentRegion = en;
			hasScannedForEncodings = 0;
			knownRegions = (
				en,
				Base,
			);
			mainGroup = 7C1749F0279E41C400262BE6;
			productRefGroup = 7C1749FA279E41C400262BE6 /* Products */;
			projectDirPath = "";
			projectRoot = "";
			targets = (
				7C1749F8279E41C400262BE6 /* Landmarks */,
			);
		};
/* End PBXProject section */

/* Begin PBXResourcesBuildPhase section */
		7C1749F7279E41C400262BE6 /* Resources */ = {
			isa = PBXResourcesBuildPhase;
			buildActionMask = 2147483647;
			files = (
				7C174A04279E41C500262BE6 /* Preview Assets.xcassets in Resources */,
				7C174A01279E41C500262BE6 /* Assets.xcassets in Resources */,
				7CF7F7FF27A3774C006AD8B9 /* landmarkData.json in Resources */,
			);
			runOnlyForDeploymentPostprocessing = 0;
		};
/* End PBXResourcesBuildPhase section */

/* Begin PBXSourcesBuildPhase section */
		7C1749F5279E41C400262BE6 /* Sources */ = {
			isa = PBXSourcesBuildPhase;
			buildActionMask = 2147483647;
			files = (
				7C1749FF279E41C400262BE6 /* ContentView.swift in Sources */,
				7CE84A312869658B00E20E1F /* Badge.swift in Sources */,
				7C174A0D279E456E00262BE6 /* MapView.swift in Sources */,
				7C1749FD279E41C400262BE6 /* LandmarksApp.swift in Sources */,
				7CDE37B327A38F5600F10488 /* FavoriteButton.swift in Sources */,
				7CB73DB8285122FA0088AE48 /* HexagonParameters.swift in Sources */,
				7CE84A2E2869652400E20E1F /* RotatedBadgeSymbol.swift in Sources */,
				7CE84A2C2869646800E20E1F /* BadgeSymbol.swift in Sources */,
				7CF7F80A27A3823C006AD8B9 /* LandmarkList.swift in Sources */,
				7CF7F80C27A3836F006AD8B9 /* LandmarkDetail.swift in Sources */,
				7CB73DBA285124230088AE48 /* BadgeBackground.swift in Sources */,
				7C174A0B279E44EA00262BE6 /* CircleImage.swift in Sources */,
				7CF7F80127A37760006AD8B9 /* Landmark.swift in Sources */,
				7CF7F80827A37DC9006AD8B9 /* LandmarkRow.swift in Sources */,
				7CF7F80327A37961006AD8B9 /* ModelData.swift in Sources */,
			);
			runOnlyForDeploymentPostprocessing = 0;
		};
/* End PBXSourcesBuildPhase section */

/* Begin XCBuildConfiguration section */
		7C174A05279E41C500262BE6 /* Debug */ = {
			isa = XCBuildConfiguration;
			buildSettings = {
				ALWAYS_SEARCH_USER_PATHS = NO;
				CLANG_ANALYZER_NONNULL = YES;
				CLANG_ANALYZER_NUMBER_OBJECT_CONVERSION = YES_AGGRESSIVE;
				CLANG_CXX_LANGUAGE_STANDARD = "gnu++17";
				CLANG_CXX_LIBRARY = "libc++";
				CLANG_ENABLE_MODULES = YES;
				CLANG_ENABLE_OBJC_ARC = YES;
				CLANG_ENABLE_OBJC_WEAK = YES;
				CLANG_WARN_BLOCK_CAPTURE_AUTORELEASING = YES;
				CLANG_WARN_BOOL_CONVERSION = YES;
				CLANG_WARN_COMMA = YES;
				CLANG_WARN_CONSTANT_CONVERSION = YES;
				CLANG_WARN_DEPRECATED_OBJC_IMPLEMENTATIONS = YES;
				CLANG_WARN_DIRECT_OBJC_ISA_USAGE = YES_ERROR;
				CLANG_WARN_DOCUMENTATION_COMMENTS = YES;
				CLANG_WARN_EMPTY_BODY = YES;
				CLANG_WARN_ENUM_CONVERSION = YES;
				CLANG_WARN_INFINITE_RECURSION = YES;
				CLANG_WARN_INT_CONVERSION = YES;
				CLANG_WARN_NON_LITERAL_NULL_CONVERSION = YES;
				CLANG_WARN_OBJC_IMPLICIT_RETAIN_SELF = YES;
				CLANG_WARN_OBJC_LITERAL_CONVERSION = YES;
				CLANG_WARN_OBJC_ROOT_CLASS = YES_ERROR;
				CLANG_WARN_QUOTED_INCLUDE_IN_FRAMEWORK_HEADER = YES;
				CLANG_WARN_RANGE_LOOP_ANALYSIS = YES;
				CLANG_WARN_STRICT_PROTOTYPES = YES;
				CLANG_WARN_SUSPICIOUS_MOVE = YES;
				CLANG_WARN_UNGUARDED_AVAILABILITY = YES_AGGRESSIVE;
				CLANG_WARN_UNREACHABLE_CODE = YES;
				CLANG_WARN__DUPLICATE_METHOD_MATCH = YES;
				COPY_PHASE_STRIP = NO;
				DEBUG_INFORMATION_FORMAT = dwarf;
				ENABLE_STRICT_OBJC_MSGSEND = YES;
				ENABLE_TESTABILITY = YES;
				GCC_C_LANGUAGE_STANDARD = gnu11;
				GCC_DYNAMIC_NO_PIC = NO;
				GCC_NO_COMMON_BLOCKS = YES;
				GCC_OPTIMIZATION_LEVEL = 0;
				GCC_PREPROCESSOR_DEFINITIONS = (
					"DEBUG=1",
					"$(inherited)",
				);
				GCC_WARN_64_TO_32_BIT_CONVERSION = YES;
				GCC_WARN_ABOUT_RETURN_TYPE = YES_ERROR;
				GCC_WARN_UNDECLARED_SELECTOR = YES;
				GCC_WARN_UNINITIALIZED_AUTOS = YES_AGGRESSIVE;
				GCC_WARN_UNUSED_FUNCTION = YES;
				GCC_WARN_UNUSED_VARIABLE = YES;
				IPHONEOS_DEPLOYMENT_TARGET = 15.2;
				MTL_ENABLE_DEBUG_INFO = INCLUDE_SOURCE;
				MTL_FAST_MATH = YES;
				ONLY_ACTIVE_ARCH = YES;
				SDKROOT = iphoneos;
				SWIFT_ACTIVE_COMPILATION_CONDITIONS = DEBUG;
				SWIFT_OPTIMIZATION_LEVEL = "-Onone";
			};
			name = Debug;
		};
		7C174A06279E41C500262BE6 /* Release */ = {
			isa = XCBuildConfiguration;
			buildSettings = {
				ALWAYS_SEARCH_USER_PATHS = NO;
				CLANG_ANALYZER_NONNULL = YES;
				CLANG_ANALYZER_NUMBER_OBJECT_CONVERSION = YES_AGGRESSIVE;
				CLANG_CXX_LANGUAGE_STANDARD = "gnu++17";
				CLANG_CXX_LIBRARY = "libc++";
				CLANG_ENABLE_MODULES = YES;
				CLANG_ENABLE_OBJC_ARC = YES;
				CLANG_ENABLE_OBJC_WEAK = YES;
				CLANG_WARN_BLOCK_CAPTURE_AUTORELEASING = YES;
				CLANG_WARN_BOOL_CONVERSION = YES;
				CLANG_WARN_COMMA = YES;
				CLANG_WARN_CONSTANT_CONVERSION = YES;
				CLANG_WARN_DEPRECATED_OBJC_IMPLEMENTATIONS = YES;
				CLANG_WARN_DIRECT_OBJC_ISA_USAGE = YES_ERROR;
				CLANG_WARN_DOCUMENTATION_COMMENTS = YES;
				CLANG_WARN_EMPTY_BODY = YES;
				CLANG_WARN_ENUM_CONVERSION = YES;
				CLANG_WARN_INFINITE_RECURSION = YES;
				CLANG_WARN_INT_CONVERSION = YES;
				CLANG_WARN_NON_LITERAL_NULL_CONVERSION = YES;
				CLANG_WARN_OBJC_IMPLICIT_RETAIN_SELF = YES;
				CLANG_WARN_OBJC_LITERAL_CONVERSION = YES;
				CLANG_WARN_OBJC_ROOT_CLASS = YES_ERROR;
				CLANG_WARN_QUOTED_INCLUDE_IN_FRAMEWORK_HEADER = YES;
				CLANG_WARN_RANGE_LOOP_ANALYSIS = YES;
				CLANG_WARN_STRICT_PROTOTYPES = YES;
				CLANG_WARN_SUSPICIOUS_MOVE = YES;
				CLANG_WARN_UNGUARDED_AVAILABILITY = YES_AGGRESSIVE;
				CLANG_WARN_UNREACHABLE_CODE = YES;
				CLANG_WARN__DUPLICATE_METHOD_MATCH = YES;
				COPY_PHASE_STRIP = NO;
				DEBUG_INFORMATION_FORMAT = "dwarf-with-dsym";
				ENABLE_NS_ASSERTIONS = NO;
				ENABLE_STRICT_OBJC_MSGSEND = YES;
				GCC_C_LANGUAGE_STANDARD = gnu11;
				GCC_NO_COMMON_BLOCKS = YES;
				GCC_WARN_64_TO_32_BIT_CONVERSION = YES;
				GCC_WARN_ABOUT_RETURN_TYPE = YES_ERROR;
				GCC_WARN_UNDECLARED_SELECTOR = YES;
				GCC_WARN_UNINITIALIZED_AUTOS = YES_AGGRESSIVE;
				GCC_WARN_UNUSED_FUNCTION = YES;
				GCC_WARN_UNUSED_VARIABLE = YES;
				IPHONEOS_DEPLOYMENT_TARGET = 15.2;
				MTL_ENABLE_DEBUG_INFO = NO;
				MTL_FAST_MATH = YES;
				SDKROOT = iphoneos;
				SWIFT_COMPILATION_MODE = wholemodule;
				SWIFT_OPTIMIZATION_LEVEL = "-O";
				VALIDATE_PRODUCT = YES;
			};
			name = Release;
		};
		7C174A08279E41C500262BE6 /* Debug */ = {
			isa = XCBuildConfiguration;
			buildSettings = {
				ASSETCATALOG_COMPILER_APPICON_NAME = AppIcon;
				ASSETCATALOG_COMPILER_GLOBAL_ACCENT_COLOR_NAME = AccentColor;
				CODE_SIGN_STYLE = Automatic;
				CURRENT_PROJECT_VERSION = 1;
				DEVELOPMENT_ASSET_PATHS = "\"Landmarks/Preview Content\"";
				DEVELOPMENT_TEAM = U2T6JZPA8A;
				ENABLE_PREVIEWS = YES;
				GENERATE_INFOPLIST_FILE = YES;
				INFOPLIST_KEY_UIApplicationSceneManifest_Generation = YES;
				INFOPLIST_KEY_UIApplicationSupportsIndirectInputEvents = YES;
				INFOPLIST_KEY_UILaunchScreen_Generation = YES;
				INFOPLIST_KEY_UISupportedInterfaceOrientations_iPad = "UIInterfaceOrientationPortrait UIInterfaceOrientationPortraitUpsideDown UIInterfaceOrientationLandscapeLeft UIInterfaceOrientationLandscapeRight";
				INFOPLIST_KEY_UISupportedInterfaceOrientations_iPhone = "UIInterfaceOrientationPortrait UIInterfaceOrientationLandscapeLeft UIInterfaceOrientationLandscapeRight";
				IPHONEOS_DEPLOYMENT_TARGET = 15.2;
				LD_RUNPATH_SEARCH_PATHS = (
					"$(inherited)",
					"@executable_path/Frameworks",
				);
				MARKETING_VERSION = 1.0;
				PRODUCT_BUNDLE_IDENTIFIER = zl755.cornell.edu.Landmarks;
				PRODUCT_NAME = "$(TARGET_NAME)";
				SWIFT_EMIT_LOC_STRINGS = YES;
				SWIFT_VERSION = 5.0;
				TARGETED_DEVICE_FAMILY = "1,2";
			};
			name = Debug;
		};
		7C174A09279E41C500262BE6 /* Release */ = {
			isa = XCBuildConfiguration;
			buildSettings = {
				ASSETCATALOG_COMPILER_APPICON_NAME = AppIcon;
				ASSETCATALOG_COMPILER_GLOBAL_ACCENT_COLOR_NAME = AccentColor;
				CODE_SIGN_STYLE = Automatic;
				CURRENT_PROJECT_VERSION = 1;
				DEVELOPMENT_ASSET_PATHS = "\"Landmarks/Preview Content\"";
				DEVELOPMENT_TEAM = U2T6JZPA8A;
				ENABLE_PREVIEWS = YES;
				GENERATE_INFOPLIST_FILE = YES;
				INFOPLIST_KEY_UIApplicationSceneManifest_Generation = YES;
				INFOPLIST_KEY_UIApplicationSupportsIndirectInputEvents = YES;
				INFOPLIST_KEY_UILaunchScreen_Generation = YES;
				INFOPLIST_KEY_UISupportedInterfaceOrientations_iPad = "UIInterfaceOrientationPortrait UIInterfaceOrientationPortraitUpsideDown UIInterfaceOrientationLandscapeLeft UIInterfaceOrientationLandscapeRight";
				INFOPLIST_KEY_UISupportedInterfaceOrientations_iPhone = "UIInterfaceOrientationPortrait UIInterfaceOrientationLandscapeLeft UIInterfaceOrientationLandscapeRight";
				IPHONEOS_DEPLOYMENT_TARGET = 15.2;
				LD_RUNPATH_SEARCH_PATHS = (
					"$(inherited)",
					"@executable_path/Frameworks",
				);
				MARKETING_VERSION = 1.0;
				PRODUCT_BUNDLE_IDENTIFIER = zl755.cornell.edu.Landmarks;
				PRODUCT_NAME = "$(TARGET_NAME)";
				SWIFT_EMIT_LOC_STRINGS = YES;
				SWIFT_VERSION = 5.0;
				TARGETED_DEVICE_FAMILY = "1,2";
			};
			name = Release;
		};
/* End XCBuildConfiguration section */

/* Begin XCConfigurationList section */
		7C1749F4279E41C400262BE6 /* Build configuration list for PBXProject "Landmarks" */ = {
			isa = XCConfigurationList;
			buildConfigurations = (
				7C174A05279E41C500262BE6 /* Debug */,
				7C174A06279E41C500262BE6 /* Release */,
			);
			defaultConfigurationIsVisible = 0;
			defaultConfigurationName = Release;
		};
		7C174A07279E41C500262BE6 /* Build configuration list for PBXNativeTarget "Landmarks" */ = {
			isa = XCConfigurationList;
			buildConfigurations = (
				7C174A08279E41C500262BE6 /* Debug */,
				7C174A09279E41C500262BE6 /* Release */,
			);
			defaultConfigurationIsVisible = 0;
			defaultConfigurationName = Release;
		};
/* End XCConfigurationList section */
	};
	rootObject = 7C1749F1279E41C400262BE6 /* Project object */;
}
